
Microsoft Visual Studio Solution File, Format Version 12.00
# Visual Studio Version 17
VisualStudioVersion = 17.7.34031.279
MinimumVisualStudioVersion = 10.0.40219.1
Project("{FAE04EC0-301F-11D3-BF4B-00C04F79EFBC}") = "MaxLength", "MaxLength.csproj", "{B08EE955-8426-49A8-A335-A6E818623F57}"
EndProject
Global
	GlobalSection(SolutionConfigurationPlatforms) = preSolution
		Debug|Any CPU = Debug|Any CPU
		Release|Any CPU = Release|Any CPU
	EndGlobalSection
	GlobalSection(ProjectConfigurationPlatforms) = postSolution
		{B08EE955-8426-49A8-A335-A6E818623F57}.Debug|Any CPU.ActiveCfg = Debug|Any CPU
		{B08EE955-8426-49A8-A335-A6E818623F57}.Debug|Any CPU.Build.0 = Debug|Any CPU
		{B08EE955-8426-49A8-A335-A6E818623F57}.Release|Any CPU.ActiveCfg = Release|Any CPU
		{B08EE955-8426-49A8-A335-A6E818623F57}.Release|Any CPU.Build.0 = Release|Any CPU
	EndGlobalSection
	GlobalSection(SolutionProperties) = preSolution
		HideSolutionNode = FALSE
	EndGlobalSection
	GlobalSection(ExtensibilityGlobals) = postSolution
		SolutionGuid = {1C60EA18-E021-4D07-83B8-50DB9E11B71A}
	EndGlobalSection
EndGlobal
