
Microsoft Visual Studio Solution File, Format Version 12.00
# Visual Studio Version 17
VisualStudioVersion = 17.7.34031.279
MinimumVisualStudioVersion = 10.0.40219.1
Project("{FAE04EC0-301F-11D3-BF4B-00C04F79EFBC}") = "DegreeConverter", "DegreeConverter.csproj", "{571FA3FA-4A21-4604-8DF5-20B7294278DD}"
EndProject
Global
	GlobalSection(SolutionConfigurationPlatforms) = preSolution
		Debug|Any CPU = Debug|Any CPU
		Release|Any CPU = Release|Any CPU
	EndGlobalSection
	GlobalSection(ProjectConfigurationPlatforms) = postSolution
		{571FA3FA-4A21-4604-8DF5-20B7294278DD}.Debug|Any CPU.ActiveCfg = Debug|Any CPU
		{571FA3FA-4A21-4604-8DF5-20B7294278DD}.Debug|Any CPU.Build.0 = Debug|Any CPU
		{571FA3FA-4A21-4604-8DF5-20B7294278DD}.Release|Any CPU.ActiveCfg = Release|Any CPU
		{571FA3FA-4A21-4604-8DF5-20B7294278DD}.Release|Any CPU.Build.0 = Release|Any CPU
	EndGlobalSection
	GlobalSection(SolutionProperties) = preSolution
		HideSolutionNode = FALSE
	EndGlobalSection
	GlobalSection(ExtensibilityGlobals) = postSolution
		SolutionGuid = {AFBBF8B0-E1F8-47B7-B499-A0EF5EE46A03}
	EndGlobalSection
EndGlobal
